// !$*UTF8*$!
{
	archiveVersion = 1;
	classes = {
	};
	objectVersion = 46;
	objects = {

/* Begin PBXBuildFile section */
		1D3623260D0F684500981E51 /* AePubReaderAppDelegate.m in Sources */ = {isa = PBXBuildFile; fileRef = 1D3623250D0F684500981E51 /* AePubReaderAppDelegate.m */; };
		1D60589B0D05DD56006BFB54 /* main.m in Sources */ = {isa = PBXBuildFile; fileRef = 29B97316FDCFA39411CA2CEA /* main.m */; };
		1D60589F0D05DD5A006BFB54 /* Foundation.framework in Frameworks */ = {isa = PBXBuildFile; fileRef = 1D30AB110D05D00D00671497 /* Foundation.framework */; };
		1DF5F4E00D08C38300B7A737 /* UIKit.framework in Frameworks */ = {isa = PBXBuildFile; fileRef = 1DF5F4DF0D08C38300B7A737 /* UIKit.framework */; };
		2892E4100DC94CBA00A64D0F /* CoreGraphics.framework in Frameworks */ = {isa = PBXBuildFile; fileRef = 2892E40F0DC94CBA00A64D0F /* CoreGraphics.framework */; };
		28AD73600D9D9599002E5188 /* MainWindow.xib in Resources */ = {isa = PBXBuildFile; fileRef = 28AD735F0D9D9599002E5188 /* MainWindow.xib */; };
		CA7E023515E388F3001F520B /* libz.dylib in Frameworks */ = {isa = PBXBuildFile; fileRef = CA7E023415E388F3001F520B /* libz.dylib */; };
		FA11955A13BA921100025A2B /* UIWebView+SearchWebView.m in Sources */ = {isa = PBXBuildFile; fileRef = FA11955913BA921100025A2B /* UIWebView+SearchWebView.m */; };
		FA11956013BA924400025A2B /* GTMNSString+HTML.m in Sources */ = {isa = PBXBuildFile; fileRef = FA11955E13BA924400025A2B /* GTMNSString+HTML.m */; };
		FA11956113BA924400025A2B /* NSString+HTML.m in Sources */ = {isa = PBXBuildFile; fileRef = FA11955F13BA924400025A2B /* NSString+HTML.m */; };
		FA11956413BA92CD00025A2B /* EPubViewController.m in Sources */ = {isa = PBXBuildFile; fileRef = FA11956313BA92CD00025A2B /* EPubViewController.m */; };
		FA11956613BA93F100025A2B /* EPubView.xib in Resources */ = {isa = PBXBuildFile; fileRef = FA11956513BA93F100025A2B /* EPubView.xib */; };
		FA307A3C1371E2B000959622 /* ChapterListViewController.m in Sources */ = {isa = PBXBuildFile; fileRef = FA307A3A1371E2B000959622 /* ChapterListViewController.m */; };
		FA307A3D1371E2B000959622 /* ChapterListViewController.xib in Resources */ = {isa = PBXBuildFile; fileRef = FA307A3B1371E2B000959622 /* ChapterListViewController.xib */; };
		FA3B29B7137440380055A954 /* SearchWebView.js in Resources */ = {isa = PBXBuildFile; fileRef = FA3B29B5137434330055A954 /* SearchWebView.js */; };
		FA4FBE561372F6A400C4E728 /* SearchResult.m in Sources */ = {isa = PBXBuildFile; fileRef = FA4FBE551372F6A400C4E728 /* SearchResult.m */; };
		FA881E4E1372CA9200FBD25F /* orangeslide.png in Resources */ = {isa = PBXBuildFile; fileRef = FA881E4B1372CA9200FBD25F /* orangeslide.png */; };
		FA881E4F1372CA9200FBD25F /* slider_ball.png in Resources */ = {isa = PBXBuildFile; fileRef = FA881E4C1372CA9200FBD25F /* slider_ball.png */; };
		FA881E501372CA9200FBD25F /* yellowslide.png in Resources */ = {isa = PBXBuildFile; fileRef = FA881E4D1372CA9200FBD25F /* yellowslide.png */; };
		FA881E591372E96000FBD25F /* SearchResultsViewController.m in Sources */ = {isa = PBXBuildFile; fileRef = FA881E571372E96000FBD25F /* SearchResultsViewController.m */; };
		FA881E5A1372E96000FBD25F /* SearchResultsViewController.xib in Resources */ = {isa = PBXBuildFile; fileRef = FA881E581372E96000FBD25F /* SearchResultsViewController.xib */; };
		FAA85387134F422F0035F235 /* Chapter.m in Sources */ = {isa = PBXBuildFile; fileRef = FAA85386134F422F0035F235 /* Chapter.m */; };
		FAF4584C134B18F400D4C0F9 /* CXMLDocument_CreationExtensions.m in Sources */ = {isa = PBXBuildFile; fileRef = FAF45831134B18F400D4C0F9 /* CXMLDocument_CreationExtensions.m */; };
		FAF4584D134B18F400D4C0F9 /* CXMLNode_CreationExtensions.m in Sources */ = {isa = PBXBuildFile; fileRef = FAF45833134B18F400D4C0F9 /* CXMLNode_CreationExtensions.m */; };
		FAF4584E134B18F400D4C0F9 /* CXHTMLDocument.m in Sources */ = {isa = PBXBuildFile; fileRef = FAF45835134B18F400D4C0F9 /* CXHTMLDocument.m */; };
		FAF4584F134B18F400D4C0F9 /* CXMLDocument.m in Sources */ = {isa = PBXBuildFile; fileRef = FAF45837134B18F400D4C0F9 /* CXMLDocument.m */; };
		FAF45850134B18F400D4C0F9 /* CXMLDocument_PrivateExtensions.m in Sources */ = {isa = PBXBuildFile; fileRef = FAF45839134B18F400D4C0F9 /* CXMLDocument_PrivateExtensions.m */; };
		FAF45851134B18F400D4C0F9 /* CXMLElement.m in Sources */ = {isa = PBXBuildFile; fileRef = FAF4583B134B18F400D4C0F9 /* CXMLElement.m */; };
		FAF45852134B18F400D4C0F9 /* CXMLElement_CreationExtensions.m in Sources */ = {isa = PBXBuildFile; fileRef = FAF4583D134B18F400D4C0F9 /* CXMLElement_CreationExtensions.m */; };
		FAF45853134B18F400D4C0F9 /* CXMLElement_ElementTreeExtensions.m in Sources */ = {isa = PBXBuildFile; fileRef = FAF4583F134B18F400D4C0F9 /* CXMLElement_ElementTreeExtensions.m */; };
		FAF45854134B18F400D4C0F9 /* CXMLNamespaceNode.m in Sources */ = {isa = PBXBuildFile; fileRef = FAF45841134B18F400D4C0F9 /* CXMLNamespaceNode.m */; };
		FAF45855134B18F400D4C0F9 /* CXMLNode.m in Sources */ = {isa = PBXBuildFile; fileRef = FAF45843134B18F400D4C0F9 /* CXMLNode.m */; };
		FAF45856134B18F400D4C0F9 /* CXMLNode_PrivateExtensions.m in Sources */ = {isa = PBXBuildFile; fileRef = FAF45845134B18F400D4C0F9 /* CXMLNode_PrivateExtensions.m */; };
		FAF45857134B18F400D4C0F9 /* CXMLNode_XPathExtensions.m in Sources */ = {isa = PBXBuildFile; fileRef = FAF45847134B18F400D4C0F9 /* CXMLNode_XPathExtensions.m */; };
		FAF45858134B18F400D4C0F9 /* CTidy.m in Sources */ = {isa = PBXBuildFile; fileRef = FAF4584A134B18F400D4C0F9 /* CTidy.m */; };
		FAF45879134B1B6C00D4C0F9 /* EPub.m in Sources */ = {isa = PBXBuildFile; fileRef = FAF45878134B1B6C00D4C0F9 /* EPub.m */; };
		FAFA8E86134A0603000291E2 /* vhugo.epub in Resources */ = {isa = PBXBuildFile; fileRef = FAFA8E85134A0603000291E2 /* vhugo.epub */; };
		FAFA8EA7134A06D6000291E2 /* ioapi.c in Sources */ = {isa = PBXBuildFile; fileRef = FAFA8E9E134A06D6000291E2 /* ioapi.c */; };
		FAFA8EA8134A06D6000291E2 /* mztools.c in Sources */ = {isa = PBXBuildFile; fileRef = FAFA8EA0134A06D6000291E2 /* mztools.c */; };
		FAFA8EA9134A06D6000291E2 /* unzip.c in Sources */ = {isa = PBXBuildFile; fileRef = FAFA8EA2134A06D6000291E2 /* unzip.c */; };
		FAFA8EAA134A06D6000291E2 /* zip.c in Sources */ = {isa = PBXBuildFile; fileRef = FAFA8EA4134A06D6000291E2 /* zip.c */; };
		FAFA8EAB134A06D6000291E2 /* ZipArchive.mm in Sources */ = {isa = PBXBuildFile; fileRef = FAFA8EA6134A06D6000291E2 /* ZipArchive.mm */; };
/* End PBXBuildFile section */

/* Begin PBXFileReference section */
		1D30AB110D05D00D00671497 /* Foundation.framework */ = {isa = PBXFileReference; lastKnownFileType = wrapper.framework; name = Foundation.framework; path = System/Library/Frameworks/Foundation.framework; sourceTree = SDKROOT; };
		1D3623240D0F684500981E51 /* AePubReaderAppDelegate.h */ = {isa = PBXFileReference; fileEncoding = 4; lastKnownFileType = sourcecode.c.h; path = AePubReaderAppDelegate.h; sourceTree = "<group>"; };
		1D3623250D0F684500981E51 /* AePubReaderAppDelegate.m */ = {isa = PBXFileReference; fileEncoding = 4; lastKnownFileType = sourcecode.c.objc; path = AePubReaderAppDelegate.m; sourceTree = "<group>"; wrapsLines = 0; };
		1D6058910D05DD3D006BFB54 /* AePubReader.app */ = {isa = PBXFileReference; explicitFileType = wrapper.application; includeInIndex = 0; path = AePubReader.app; sourceTree = BUILT_PRODUCTS_DIR; };
		1DF5F4DF0D08C38300B7A737 /* UIKit.framework */ = {isa = PBXFileReference; lastKnownFileType = wrapper.framework; name = UIKit.framework; path = System/Library/Frameworks/UIKit.framework; sourceTree = SDKROOT; };
		2892E40F0DC94CBA00A64D0F /* CoreGraphics.framework */ = {isa = PBXFileReference; lastKnownFileType = wrapper.framework; name = CoreGraphics.framework; path = System/Library/Frameworks/CoreGraphics.framework; sourceTree = SDKROOT; };
		28A0AAE50D9B0CCF005BE974 /* AePubReader_Prefix.pch */ = {isa = PBXFileReference; fileEncoding = 4; lastKnownFileType = sourcecode.c.h; path = AePubReader_Prefix.pch; sourceTree = "<group>"; };
		28AD735F0D9D9599002E5188 /* MainWindow.xib */ = {isa = PBXFileReference; lastKnownFileType = file.xib; path = MainWindow.xib; sourceTree = "<group>"; };
		29B97316FDCFA39411CA2CEA /* main.m */ = {isa = PBXFileReference; fileEncoding = 4; lastKnownFileType = sourcecode.c.objc; path = main.m; sourceTree = "<group>"; };
		8D1107310486CEB800E47090 /* AePubReader-Info.plist */ = {isa = PBXFileReference; fileEncoding = 4; lastKnownFileType = text.plist.xml; path = "AePubReader-Info.plist"; plistStructureDefinitionIdentifier = "com.apple.xcode.plist.structure-definition.iphone.info-plist"; sourceTree = "<group>"; };
		CA7E023415E388F3001F520B /* libz.dylib */ = {isa = PBXFileReference; lastKnownFileType = "compiled.mach-o.dylib"; name = libz.dylib; path = usr/lib/libz.dylib; sourceTree = SDKROOT; };
		FA11955813BA921100025A2B /* UIWebView+SearchWebView.h */ = {isa = PBXFileReference; fileEncoding = 4; lastKnownFileType = sourcecode.c.h; path = "UIWebView+SearchWebView.h"; sourceTree = "<group>"; };
		FA11955913BA921100025A2B /* UIWebView+SearchWebView.m */ = {isa = PBXFileReference; fileEncoding = 4; lastKnownFileType = sourcecode.c.objc; path = "UIWebView+SearchWebView.m"; sourceTree = "<group>"; };
		FA11955B13BA924400025A2B /* GTMDefines.h */ = {isa = PBXFileReference; fileEncoding = 4; lastKnownFileType = sourcecode.c.h; path = GTMDefines.h; sourceTree = "<group>"; };
		FA11955C13BA924400025A2B /* GTMNSString+HTML.h */ = {isa = PBXFileReference; fileEncoding = 4; lastKnownFileType = sourcecode.c.h; path = "GTMNSString+HTML.h"; sourceTree = "<group>"; };
		FA11955D13BA924400025A2B /* NSString+HTML.h */ = {isa = PBXFileReference; fileEncoding = 4; lastKnownFileType = sourcecode.c.h; path = "NSString+HTML.h"; sourceTree = "<group>"; };
		FA11955E13BA924400025A2B /* GTMNSString+HTML.m */ = {isa = PBXFileReference; fileEncoding = 4; lastKnownFileType = sourcecode.c.objc; path = "GTMNSString+HTML.m"; sourceTree = "<group>"; };
		FA11955F13BA924400025A2B /* NSString+HTML.m */ = {isa = PBXFileReference; fileEncoding = 4; lastKnownFileType = sourcecode.c.objc; path = "NSString+HTML.m"; sourceTree = "<group>"; };
		FA11956213BA92CD00025A2B /* EPubViewController.h */ = {isa = PBXFileReference; fileEncoding = 4; lastKnownFileType = sourcecode.c.h; path = EPubViewController.h; sourceTree = "<group>"; };
		FA11956313BA92CD00025A2B /* EPubViewController.m */ = {isa = PBXFileReference; fileEncoding = 4; lastKnownFileType = sourcecode.c.objc; path = EPubViewController.m; sourceTree = "<group>"; };
		FA11956513BA93F100025A2B /* EPubView.xib */ = {isa = PBXFileReference; fileEncoding = 4; lastKnownFileType = file.xib; name = EPubView.xib; path = Classes/EPubView.xib; sourceTree = "<group>"; };
		FA307A391371E2B000959622 /* ChapterListViewController.h */ = {isa = PBXFileReference; fileEncoding = 4; lastKnownFileType = sourcecode.c.h; path = ChapterListViewController.h; sourceTree = "<group>"; };
		FA307A3A1371E2B000959622 /* ChapterListViewController.m */ = {isa = PBXFileReference; fileEncoding = 4; lastKnownFileType = sourcecode.c.objc; path = ChapterListViewController.m; sourceTree = "<group>"; };
		FA307A3B1371E2B000959622 /* ChapterListViewController.xib */ = {isa = PBXFileReference; fileEncoding = 4; lastKnownFileType = file.xib; name = ChapterListViewController.xib; path = Classes/ChapterListViewController.xib; sourceTree = "<group>"; };
		FA3B29B5137434330055A954 /* SearchWebView.js */ = {isa = PBXFileReference; fileEncoding = 4; lastKnownFileType = sourcecode.javascript; path = SearchWebView.js; sourceTree = "<group>"; };
		FA4FBE541372F6A400C4E728 /* SearchResult.h */ = {isa = PBXFileReference; fileEncoding = 4; lastKnownFileType = sourcecode.c.h; path = SearchResult.h; sourceTree = "<group>"; };
		FA4FBE551372F6A400C4E728 /* SearchResult.m */ = {isa = PBXFileReference; fileEncoding = 4; lastKnownFileType = sourcecode.c.objc; path = SearchResult.m; sourceTree = "<group>"; wrapsLines = 0; };
		FA881E4B1372CA9200FBD25F /* orangeslide.png */ = {isa = PBXFileReference; lastKnownFileType = image.png; path = orangeslide.png; sourceTree = "<group>"; };
		FA881E4C1372CA9200FBD25F /* slider_ball.png */ = {isa = PBXFileReference; lastKnownFileType = image.png; path = slider_ball.png; sourceTree = "<group>"; };
		FA881E4D1372CA9200FBD25F /* yellowslide.png */ = {isa = PBXFileReference; lastKnownFileType = image.png; path = yellowslide.png; sourceTree = "<group>"; };
		FA881E561372E96000FBD25F /* SearchResultsViewController.h */ = {isa = PBXFileReference; fileEncoding = 4; lastKnownFileType = sourcecode.c.h; path = SearchResultsViewController.h; sourceTree = "<group>"; wrapsLines = 0; };
		FA881E571372E96000FBD25F /* SearchResultsViewController.m */ = {isa = PBXFileReference; fileEncoding = 4; lastKnownFileType = sourcecode.c.objc; path = SearchResultsViewController.m; sourceTree = "<group>"; wrapsLines = 0; };
		FA881E581372E96000FBD25F /* SearchResultsViewController.xib */ = {isa = PBXFileReference; fileEncoding = 4; lastKnownFileType = file.xib; name = SearchResultsViewController.xib; path = Classes/SearchResultsViewController.xib; sourceTree = "<group>"; };
		FAA85385134F422F0035F235 /* Chapter.h */ = {isa = PBXFileReference; fileEncoding = 4; lastKnownFileType = sourcecode.c.h; path = Chapter.h; sourceTree = "<group>"; };
		FAA85386134F422F0035F235 /* Chapter.m */ = {isa = PBXFileReference; fileEncoding = 4; lastKnownFileType = sourcecode.c.objc; path = Chapter.m; sourceTree = "<group>"; wrapsLines = 0; };
		FAF45830134B18F400D4C0F9 /* CXMLDocument_CreationExtensions.h */ = {isa = PBXFileReference; fileEncoding = 4; lastKnownFileType = sourcecode.c.h; path = CXMLDocument_CreationExtensions.h; sourceTree = "<group>"; };
		FAF45831134B18F400D4C0F9 /* CXMLDocument_CreationExtensions.m */ = {isa = PBXFileReference; fileEncoding = 4; lastKnownFileType = sourcecode.c.objc; path = CXMLDocument_CreationExtensions.m; sourceTree = "<group>"; };
		FAF45832134B18F400D4C0F9 /* CXMLNode_CreationExtensions.h */ = {isa = PBXFileReference; fileEncoding = 4; lastKnownFileType = sourcecode.c.h; path = CXMLNode_CreationExtensions.h; sourceTree = "<group>"; };
		FAF45833134B18F400D4C0F9 /* CXMLNode_CreationExtensions.m */ = {isa = PBXFileReference; fileEncoding = 4; lastKnownFileType = sourcecode.c.objc; path = CXMLNode_CreationExtensions.m; sourceTree = "<group>"; };
		FAF45834134B18F400D4C0F9 /* CXHTMLDocument.h */ = {isa = PBXFileReference; fileEncoding = 4; lastKnownFileType = sourcecode.c.h; path = CXHTMLDocument.h; sourceTree = "<group>"; };
		FAF45835134B18F400D4C0F9 /* CXHTMLDocument.m */ = {isa = PBXFileReference; fileEncoding = 4; lastKnownFileType = sourcecode.c.objc; path = CXHTMLDocument.m; sourceTree = "<group>"; };
		FAF45836134B18F400D4C0F9 /* CXMLDocument.h */ = {isa = PBXFileReference; fileEncoding = 4; lastKnownFileType = sourcecode.c.h; path = CXMLDocument.h; sourceTree = "<group>"; };
		FAF45837134B18F400D4C0F9 /* CXMLDocument.m */ = {isa = PBXFileReference; fileEncoding = 4; lastKnownFileType = sourcecode.c.objc; path = CXMLDocument.m; sourceTree = "<group>"; };
		FAF45838134B18F400D4C0F9 /* CXMLDocument_PrivateExtensions.h */ = {isa = PBXFileReference; fileEncoding = 4; lastKnownFileType = sourcecode.c.h; path = CXMLDocument_PrivateExtensions.h; sourceTree = "<group>"; };
		FAF45839134B18F400D4C0F9 /* CXMLDocument_PrivateExtensions.m */ = {isa = PBXFileReference; fileEncoding = 4; lastKnownFileType = sourcecode.c.objc; path = CXMLDocument_PrivateExtensions.m; sourceTree = "<group>"; };
		FAF4583A134B18F400D4C0F9 /* CXMLElement.h */ = {isa = PBXFileReference; fileEncoding = 4; lastKnownFileType = sourcecode.c.h; path = CXMLElement.h; sourceTree = "<group>"; };
		FAF4583B134B18F400D4C0F9 /* CXMLElement.m */ = {isa = PBXFileReference; fileEncoding = 4; lastKnownFileType = sourcecode.c.objc; path = CXMLElement.m; sourceTree = "<group>"; };
		FAF4583C134B18F400D4C0F9 /* CXMLElement_CreationExtensions.h */ = {isa = PBXFileReference; fileEncoding = 4; lastKnownFileType = sourcecode.c.h; path = CXMLElement_CreationExtensions.h; sourceTree = "<group>"; };
		FAF4583D134B18F400D4C0F9 /* CXMLElement_CreationExtensions.m */ = {isa = PBXFileReference; fileEncoding = 4; lastKnownFileType = sourcecode.c.objc; path = CXMLElement_CreationExtensions.m; sourceTree = "<group>"; };
		FAF4583E134B18F400D4C0F9 /* CXMLElement_ElementTreeExtensions.h */ = {isa = PBXFileReference; fileEncoding = 4; lastKnownFileType = sourcecode.c.h; path = CXMLElement_ElementTreeExtensions.h; sourceTree = "<group>"; };
		FAF4583F134B18F400D4C0F9 /* CXMLElement_ElementTreeExtensions.m */ = {isa = PBXFileReference; fileEncoding = 4; lastKnownFileType = sourcecode.c.objc; path = CXMLElement_ElementTreeExtensions.m; sourceTree = "<group>"; };
		FAF45840134B18F400D4C0F9 /* CXMLNamespaceNode.h */ = {isa = PBXFileReference; fileEncoding = 4; lastKnownFileType = sourcecode.c.h; path = CXMLNamespaceNode.h; sourceTree = "<group>"; };
		FAF45841134B18F400D4C0F9 /* CXMLNamespaceNode.m */ = {isa = PBXFileReference; fileEncoding = 4; lastKnownFileType = sourcecode.c.objc; path = CXMLNamespaceNode.m; sourceTree = "<group>"; };
		FAF45842134B18F400D4C0F9 /* CXMLNode.h */ = {isa = PBXFileReference; fileEncoding = 4; lastKnownFileType = sourcecode.c.h; path = CXMLNode.h; sourceTree = "<group>"; };
		FAF45843134B18F400D4C0F9 /* CXMLNode.m */ = {isa = PBXFileReference; fileEncoding = 4; lastKnownFileType = sourcecode.c.objc; path = CXMLNode.m; sourceTree = "<group>"; };
		FAF45844134B18F400D4C0F9 /* CXMLNode_PrivateExtensions.h */ = {isa = PBXFileReference; fileEncoding = 4; lastKnownFileType = sourcecode.c.h; path = CXMLNode_PrivateExtensions.h; sourceTree = "<group>"; };
		FAF45845134B18F400D4C0F9 /* CXMLNode_PrivateExtensions.m */ = {isa = PBXFileReference; fileEncoding = 4; lastKnownFileType = sourcecode.c.objc; path = CXMLNode_PrivateExtensions.m; sourceTree = "<group>"; };
		FAF45846134B18F400D4C0F9 /* CXMLNode_XPathExtensions.h */ = {isa = PBXFileReference; fileEncoding = 4; lastKnownFileType = sourcecode.c.h; path = CXMLNode_XPathExtensions.h; sourceTree = "<group>"; };
		FAF45847134B18F400D4C0F9 /* CXMLNode_XPathExtensions.m */ = {isa = PBXFileReference; fileEncoding = 4; lastKnownFileType = sourcecode.c.objc; path = CXMLNode_XPathExtensions.m; sourceTree = "<group>"; };
		FAF45849134B18F400D4C0F9 /* CTidy.h */ = {isa = PBXFileReference; fileEncoding = 4; lastKnownFileType = sourcecode.c.h; path = CTidy.h; sourceTree = "<group>"; };
		FAF4584A134B18F400D4C0F9 /* CTidy.m */ = {isa = PBXFileReference; fileEncoding = 4; lastKnownFileType = sourcecode.c.objc; path = CTidy.m; sourceTree = "<group>"; };
		FAF4584B134B18F400D4C0F9 /* TouchXML.h */ = {isa = PBXFileReference; fileEncoding = 4; lastKnownFileType = sourcecode.c.h; path = TouchXML.h; sourceTree = "<group>"; };
		FAF45877134B1B6C00D4C0F9 /* EPub.h */ = {isa = PBXFileReference; fileEncoding = 4; lastKnownFileType = sourcecode.c.h; path = EPub.h; sourceTree = "<group>"; };
		FAF45878134B1B6C00D4C0F9 /* EPub.m */ = {isa = PBXFileReference; fileEncoding = 4; lastKnownFileType = sourcecode.c.objc; path = EPub.m; sourceTree = "<group>"; wrapsLines = 0; };
		FAFA8E85134A0603000291E2 /* vhugo.epub */ = {isa = PBXFileReference; lastKnownFileType = file; path = vhugo.epub; sourceTree = "<group>"; };
		FAFA8E9B134A06D6000291E2 /* ZipArchive.h */ = {isa = PBXFileReference; fileEncoding = 4; lastKnownFileType = sourcecode.c.h; path = ZipArchive.h; sourceTree = "<group>"; };
		FAFA8E9D134A06D6000291E2 /* crypt.h */ = {isa = PBXFileReference; fileEncoding = 4; lastKnownFileType = sourcecode.c.h; path = crypt.h; sourceTree = "<group>"; };
		FAFA8E9E134A06D6000291E2 /* ioapi.c */ = {isa = PBXFileReference; fileEncoding = 4; lastKnownFileType = sourcecode.c.c; path = ioapi.c; sourceTree = "<group>"; };
		FAFA8E9F134A06D6000291E2 /* ioapi.h */ = {isa = PBXFileReference; fileEncoding = 4; lastKnownFileType = sourcecode.c.h; path = ioapi.h; sourceTree = "<group>"; };
		FAFA8EA0134A06D6000291E2 /* mztools.c */ = {isa = PBXFileReference; fileEncoding = 4; lastKnownFileType = sourcecode.c.c; path = mztools.c; sourceTree = "<group>"; };
		FAFA8EA1134A06D6000291E2 /* mztools.h */ = {isa = PBXFileReference; fileEncoding = 4; lastKnownFileType = sourcecode.c.h; path = mztools.h; sourceTree = "<group>"; };
		FAFA8EA2134A06D6000291E2 /* unzip.c */ = {isa = PBXFileReference; fileEncoding = 4; lastKnownFileType = sourcecode.c.c; path = unzip.c; sourceTree = "<group>"; };
		FAFA8EA3134A06D6000291E2 /* unzip.h */ = {isa = PBXFileReference; fileEncoding = 4; lastKnownFileType = sourcecode.c.h; path = unzip.h; sourceTree = "<group>"; };
		FAFA8EA4134A06D6000291E2 /* zip.c */ = {isa = PBXFileReference; fileEncoding = 4; lastKnownFileType = sourcecode.c.c; path = zip.c; sourceTree = "<group>"; };
		FAFA8EA5134A06D6000291E2 /* zip.h */ = {isa = PBXFileReference; fileEncoding = 4; lastKnownFileType = sourcecode.c.h; path = zip.h; sourceTree = "<group>"; };
		FAFA8EA6134A06D6000291E2 /* ZipArchive.mm */ = {isa = PBXFileReference; fileEncoding = 4; lastKnownFileType = sourcecode.cpp.objcpp; path = ZipArchive.mm; sourceTree = "<group>"; };
/* End PBXFileReference section */

/* Begin PBXFrameworksBuildPhase section */
		1D60588F0D05DD3D006BFB54 /* Frameworks */ = {
			isa = PBXFrameworksBuildPhase;
			buildActionMask = 2147483647;
			files = (
				CA7E023515E388F3001F520B /* libz.dylib in Frameworks */,
				1D60589F0D05DD5A006BFB54 /* Foundation.framework in Frameworks */,
				1DF5F4E00D08C38300B7A737 /* UIKit.framework in Frameworks */,
				2892E4100DC94CBA00A64D0F /* CoreGraphics.framework in Frameworks */,
			);
			runOnlyForDeploymentPostprocessing = 0;
		};
/* End PBXFrameworksBuildPhase section */

/* Begin PBXGroup section */
		080E96DDFE201D6D7F000001 /* Classes */ = {
			isa = PBXGroup;
			children = (
				FAF4582D134B18D600D4C0F9 /* TouchXML */,
				FAF4585B134B195500D4C0F9 /* ZipArchive */,
				1D3623240D0F684500981E51 /* AePubReaderAppDelegate.h */,
				1D3623250D0F684500981E51 /* AePubReaderAppDelegate.m */,
				FA307A391371E2B000959622 /* ChapterListViewController.h */,
				FA307A3A1371E2B000959622 /* ChapterListViewController.m */,
				FAF45877134B1B6C00D4C0F9 /* EPub.h */,
				FAF45878134B1B6C00D4C0F9 /* EPub.m */,
				FA11956213BA92CD00025A2B /* EPubViewController.h */,
				FA11956313BA92CD00025A2B /* EPubViewController.m */,
				FAA85385134F422F0035F235 /* Chapter.h */,
				FAA85386134F422F0035F235 /* Chapter.m */,
				FA881E561372E96000FBD25F /* SearchResultsViewController.h */,
				FA881E571372E96000FBD25F /* SearchResultsViewController.m */,
				FA4FBE541372F6A400C4E728 /* SearchResult.h */,
				FA4FBE551372F6A400C4E728 /* SearchResult.m */,
				FA11955813BA921100025A2B /* UIWebView+SearchWebView.h */,
				FA11955913BA921100025A2B /* UIWebView+SearchWebView.m */,
				FA11955B13BA924400025A2B /* GTMDefines.h */,
				FA11955C13BA924400025A2B /* GTMNSString+HTML.h */,
				FA11955D13BA924400025A2B /* NSString+HTML.h */,
				FA11955E13BA924400025A2B /* GTMNSString+HTML.m */,
				FA11955F13BA924400025A2B /* NSString+HTML.m */,
			);
			path = Classes;
			sourceTree = "<group>";
		};
		19C28FACFE9D520D11CA2CBB /* Products */ = {
			isa = PBXGroup;
			children = (
				1D6058910D05DD3D006BFB54 /* AePubReader.app */,
			);
			name = Products;
			sourceTree = "<group>";
		};
		29B97314FDCFA39411CA2CEA /* CustomTemplate */ = {
			isa = PBXGroup;
			children = (
				080E96DDFE201D6D7F000001 /* Classes */,
				29B97315FDCFA39411CA2CEA /* Other Sources */,
				29B97317FDCFA39411CA2CEA /* Resources */,
				29B97323FDCFA39411CA2CEA /* Frameworks */,
				19C28FACFE9D520D11CA2CBB /* Products */,
			);
			name = CustomTemplate;
			sourceTree = "<group>";
		};
		29B97315FDCFA39411CA2CEA /* Other Sources */ = {
			isa = PBXGroup;
			children = (
				28A0AAE50D9B0CCF005BE974 /* AePubReader_Prefix.pch */,
				29B97316FDCFA39411CA2CEA /* main.m */,
			);
			name = "Other Sources";
			sourceTree = "<group>";
		};
		29B97317FDCFA39411CA2CEA /* Resources */ = {
			isa = PBXGroup;
			children = (
				FA3B29B5137434330055A954 /* SearchWebView.js */,
				FA881E4B1372CA9200FBD25F /* orangeslide.png */,
				FA881E4C1372CA9200FBD25F /* slider_ball.png */,
				FA881E4D1372CA9200FBD25F /* yellowslide.png */,
				FAFA8E85134A0603000291E2 /* vhugo.epub */,
				FA11956513BA93F100025A2B /* EPubView.xib */,
				FA881E581372E96000FBD25F /* SearchResultsViewController.xib */,
				FA307A3B1371E2B000959622 /* ChapterListViewController.xib */,
				28AD735F0D9D9599002E5188 /* MainWindow.xib */,
				8D1107310486CEB800E47090 /* AePubReader-Info.plist */,
			);
			name = Resources;
			sourceTree = "<group>";
		};
		29B97323FDCFA39411CA2CEA /* Frameworks */ = {
			isa = PBXGroup;
			children = (
				CA7E023415E388F3001F520B /* libz.dylib */,
				1DF5F4DF0D08C38300B7A737 /* UIKit.framework */,
				1D30AB110D05D00D00671497 /* Foundation.framework */,
				2892E40F0DC94CBA00A64D0F /* CoreGraphics.framework */,
			);
			name = Frameworks;
			sourceTree = "<group>";
		};
		FAF4582D134B18D600D4C0F9 /* TouchXML */ = {
			isa = PBXGroup;
			children = (
				FAF4582E134B18F400D4C0F9 /* Source */,
			);
			name = TouchXML;
			path = ..;
			sourceTree = "<group>";
		};
		FAF4582E134B18F400D4C0F9 /* Source */ = {
			isa = PBXGroup;
			children = (
				FAF4582F134B18F400D4C0F9 /* Creation */,
				FAF45834134B18F400D4C0F9 /* CXHTMLDocument.h */,
				FAF45835134B18F400D4C0F9 /* CXHTMLDocument.m */,
				FAF45836134B18F400D4C0F9 /* CXMLDocument.h */,
				FAF45837134B18F400D4C0F9 /* CXMLDocument.m */,
				FAF45838134B18F400D4C0F9 /* CXMLDocument_PrivateExtensions.h */,
				FAF45839134B18F400D4C0F9 /* CXMLDocument_PrivateExtensions.m */,
				FAF4583A134B18F400D4C0F9 /* CXMLElement.h */,
				FAF4583B134B18F400D4C0F9 /* CXMLElement.m */,
				FAF4583C134B18F400D4C0F9 /* CXMLElement_CreationExtensions.h */,
				FAF4583D134B18F400D4C0F9 /* CXMLElement_CreationExtensions.m */,
				FAF4583E134B18F400D4C0F9 /* CXMLElement_ElementTreeExtensions.h */,
				FAF4583F134B18F400D4C0F9 /* CXMLElement_ElementTreeExtensions.m */,
				FAF45840134B18F400D4C0F9 /* CXMLNamespaceNode.h */,
				FAF45841134B18F400D4C0F9 /* CXMLNamespaceNode.m */,
				FAF45842134B18F400D4C0F9 /* CXMLNode.h */,
				FAF45843134B18F400D4C0F9 /* CXMLNode.m */,
				FAF45844134B18F400D4C0F9 /* CXMLNode_PrivateExtensions.h */,
				FAF45845134B18F400D4C0F9 /* CXMLNode_PrivateExtensions.m */,
				FAF45846134B18F400D4C0F9 /* CXMLNode_XPathExtensions.h */,
				FAF45847134B18F400D4C0F9 /* CXMLNode_XPathExtensions.m */,
				FAF45848134B18F400D4C0F9 /* Tidy */,
				FAF4584B134B18F400D4C0F9 /* TouchXML.h */,
			);
			path = Source;
			sourceTree = "<group>";
		};
		FAF4582F134B18F400D4C0F9 /* Creation */ = {
			isa = PBXGroup;
			children = (
				FAF45830134B18F400D4C0F9 /* CXMLDocument_CreationExtensions.h */,
				FAF45831134B18F400D4C0F9 /* CXMLDocument_CreationExtensions.m */,
				FAF45832134B18F400D4C0F9 /* CXMLNode_CreationExtensions.h */,
				FAF45833134B18F400D4C0F9 /* CXMLNode_CreationExtensions.m */,
			);
			path = Creation;
			sourceTree = "<group>";
		};
		FAF45848134B18F400D4C0F9 /* Tidy */ = {
			isa = PBXGroup;
			children = (
				FAF45849134B18F400D4C0F9 /* CTidy.h */,
				FAF4584A134B18F400D4C0F9 /* CTidy.m */,
			);
			path = Tidy;
			sourceTree = "<group>";
		};
		FAF4585B134B195500D4C0F9 /* ZipArchive */ = {
			isa = PBXGroup;
			children = (
				FAFA8E9B134A06D6000291E2 /* ZipArchive.h */,
				FAFA8E9C134A06D6000291E2 /* minizip */,
				FAFA8EA6134A06D6000291E2 /* ZipArchive.mm */,
			);
			name = ZipArchive;
			sourceTree = "<group>";
		};
		FAFA8E9C134A06D6000291E2 /* minizip */ = {
			isa = PBXGroup;
			children = (
				FAFA8E9D134A06D6000291E2 /* crypt.h */,
				FAFA8E9E134A06D6000291E2 /* ioapi.c */,
				FAFA8E9F134A06D6000291E2 /* ioapi.h */,
				FAFA8EA0134A06D6000291E2 /* mztools.c */,
				FAFA8EA1134A06D6000291E2 /* mztools.h */,
				FAFA8EA2134A06D6000291E2 /* unzip.c */,
				FAFA8EA3134A06D6000291E2 /* unzip.h */,
				FAFA8EA4134A06D6000291E2 /* zip.c */,
				FAFA8EA5134A06D6000291E2 /* zip.h */,
			);
			path = minizip;
			sourceTree = "<group>";
		};
/* End PBXGroup section */

/* Begin PBXNativeTarget section */
		1D6058900D05DD3D006BFB54 /* AePubReader */ = {
			isa = PBXNativeTarget;
			buildConfigurationList = 1D6058960D05DD3E006BFB54 /* Build configuration list for PBXNativeTarget "AePubReader" */;
			buildPhases = (
				1D60588D0D05DD3D006BFB54 /* Resources */,
				1D60588E0D05DD3D006BFB54 /* Sources */,
				1D60588F0D05DD3D006BFB54 /* Frameworks */,
			);
			buildRules = (
			);
			dependencies = (
			);
			name = AePubReader;
			productName = AePubReader;
			productReference = 1D6058910D05DD3D006BFB54 /* AePubReader.app */;
			productType = "com.apple.product-type.application";
		};
/* End PBXNativeTarget section */

/* Begin PBXProject section */
		29B97313FDCFA39411CA2CEA /* Project object */ = {
			isa = PBXProject;
			buildConfigurationList = C01FCF4E08A954540054247B /* Build configuration list for PBXProject "AePubReader" */;
			compatibilityVersion = "Xcode 3.2";
			developmentRegion = English;
			hasScannedForEncodings = 1;
			knownRegions = (
				English,
				Japanese,
				French,
				German,
				en,
			);
			mainGroup = 29B97314FDCFA39411CA2CEA /* CustomTemplate */;
			projectDirPath = "";
			projectRoot = "";
			targets = (
				1D6058900D05DD3D006BFB54 /* AePubReader */,
			);
		};
/* End PBXProject section */

/* Begin PBXResourcesBuildPhase section */
		1D60588D0D05DD3D006BFB54 /* Resources */ = {
			isa = PBXResourcesBuildPhase;
			buildActionMask = 2147483647;
			files = (
				FA3B29B7137440380055A954 /* SearchWebView.js in Resources */,
				28AD73600D9D9599002E5188 /* MainWindow.xib in Resources */,
				FAFA8E86134A0603000291E2 /* vhugo.epub in Resources */,
				FA307A3D1371E2B000959622 /* ChapterListViewController.xib in Resources */,
				FA881E4E1372CA9200FBD25F /* orangeslide.png in Resources */,
				FA881E4F1372CA9200FBD25F /* slider_ball.png in Resources */,
				FA881E501372CA9200FBD25F /* yellowslide.png in Resources */,
				FA881E5A1372E96000FBD25F /* SearchResultsViewController.xib in Resources */,
				FA11956613BA93F100025A2B /* EPubView.xib in Resources */,
			);
			runOnlyForDeploymentPostprocessing = 0;
		};
/* End PBXResourcesBuildPhase section */

/* Begin PBXSourcesBuildPhase section */
		1D60588E0D05DD3D006BFB54 /* Sources */ = {
			isa = PBXSourcesBuildPhase;
			buildActionMask = 2147483647;
			files = (
				1D60589B0D05DD56006BFB54 /* main.m in Sources */,
				1D3623260D0F684500981E51 /* AePubReaderAppDelegate.m in Sources */,
				FAFA8EA7134A06D6000291E2 /* ioapi.c in Sources */,
				FAFA8EA8134A06D6000291E2 /* mztools.c in Sources */,
				FAFA8EA9134A06D6000291E2 /* unzip.c in Sources */,
				FAFA8EAA134A06D6000291E2 /* zip.c in Sources */,
				FAFA8EAB134A06D6000291E2 /* ZipArchive.mm in Sources */,
				FAF4584C134B18F400D4C0F9 /* CXMLDocument_CreationExtensions.m in Sources */,
				FAF4584D134B18F400D4C0F9 /* CXMLNode_CreationExtensions.m in Sources */,
				FAF4584E134B18F400D4C0F9 /* CXHTMLDocument.m in Sources */,
				FAF4584F134B18F400D4C0F9 /* CXMLDocument.m in Sources */,
				FAF45850134B18F400D4C0F9 /* CXMLDocument_PrivateExtensions.m in Sources */,
				FAF45851134B18F400D4C0F9 /* CXMLElement.m in Sources */,
				FAF45852134B18F400D4C0F9 /* CXMLElement_CreationExtensions.m in Sources */,
				FAF45853134B18F400D4C0F9 /* CXMLElement_ElementTreeExtensions.m in Sources */,
				FAF45854134B18F400D4C0F9 /* CXMLNamespaceNode.m in Sources */,
				FAF45855134B18F400D4C0F9 /* CXMLNode.m in Sources */,
				FAF45856134B18F400D4C0F9 /* CXMLNode_PrivateExtensions.m in Sources */,
				FAF45857134B18F400D4C0F9 /* CXMLNode_XPathExtensions.m in Sources */,
				FAF45858134B18F400D4C0F9 /* CTidy.m in Sources */,
				FAF45879134B1B6C00D4C0F9 /* EPub.m in Sources */,
				FAA85387134F422F0035F235 /* Chapter.m in Sources */,
				FA307A3C1371E2B000959622 /* ChapterListViewController.m in Sources */,
				FA881E591372E96000FBD25F /* SearchResultsViewController.m in Sources */,
				FA4FBE561372F6A400C4E728 /* SearchResult.m in Sources */,
				FA11955A13BA921100025A2B /* UIWebView+SearchWebView.m in Sources */,
				FA11956013BA924400025A2B /* GTMNSString+HTML.m in Sources */,
				FA11956113BA924400025A2B /* NSString+HTML.m in Sources */,
				FA11956413BA92CD00025A2B /* EPubViewController.m in Sources */,
			);
			runOnlyForDeploymentPostprocessing = 0;
		};
/* End PBXSourcesBuildPhase section */

/* Begin XCBuildConfiguration section */
		1D6058940D05DD3E006BFB54 /* Debug */ = {
			isa = XCBuildConfiguration;
			buildSettings = {
				ALWAYS_SEARCH_USER_PATHS = NO;
				COPY_PHASE_STRIP = NO;
				FRAMEWORK_SEARCH_PATHS = (
					"$(inherited)",
					"\"$(SRCROOT)\"",
				);
				GCC_DYNAMIC_NO_PIC = NO;
				GCC_OPTIMIZATION_LEVEL = 0;
				GCC_PRECOMPILE_PREFIX_HEADER = YES;
				GCC_PREFIX_HEADER = AePubReader_Prefix.pch;
				INFOPLIST_FILE = "AePubReader-Info.plist";
				IPHONEOS_DEPLOYMENT_TARGET = 3.2;
				LIBRARY_SEARCH_PATHS = (
					"$(inherited)",
					"\"$(SRCROOT)\"",
				);
				OTHER_LDFLAGS = (
					"-lxml2",
					"-ObjC",
					"-lstdc++",
				);
				PRODUCT_NAME = AePubReader;
			};
			name = Debug;
		};
		1D6058950D05DD3E006BFB54 /* Release */ = {
			isa = XCBuildConfiguration;
			buildSettings = {
				ALWAYS_SEARCH_USER_PATHS = NO;
				COPY_PHASE_STRIP = YES;
				FRAMEWORK_SEARCH_PATHS = (
					"$(inherited)",
					"\"$(SRCROOT)\"",
				);
				GCC_PRECOMPILE_PREFIX_HEADER = YES;
				GCC_PREFIX_HEADER = AePubReader_Prefix.pch;
				INFOPLIST_FILE = "AePubReader-Info.plist";
				IPHONEOS_DEPLOYMENT_TARGET = 3.2;
				LIBRARY_SEARCH_PATHS = (
					"$(inherited)",
					"\"$(SRCROOT)\"",
				);
				OTHER_LDFLAGS = (
					"-lxml2",
					"-ObjC",
					"-lstdc++",
				);
				PRODUCT_NAME = AePubReader;
				VALIDATE_PRODUCT = YES;
			};
			name = Release;
		};
		C01FCF4F08A954540054247B /* Debug */ = {
			isa = XCBuildConfiguration;
			buildSettings = {
				ARCHS = "$(ARCHS_UNIVERSAL_IPHONE_OS)";
				"CODE_SIGN_IDENTITY[sdk=iphoneos*]" = "iPhone Developer";
				GCC_C_LANGUAGE_STANDARD = c99;
				GCC_WARN_ABOUT_RETURN_TYPE = YES;
				GCC_WARN_UNUSED_VARIABLE = YES;
				HEADER_SEARCH_PATHS = /usr/include/libxml2;
				OTHER_LDFLAGS = "-lxml2";
				PREBINDING = NO;
				SDKROOT = iphoneos;
				TARGETED_DEVICE_FAMILY = 2;
			};
			name = Debug;
		};
		C01FCF5008A954540054247B /* Release */ = {
			isa = XCBuildConfiguration;
			buildSettings = {
				ARCHS = "$(ARCHS_UNIVERSAL_IPHONE_OS)";
				"CODE_SIGN_IDENTITY[sdk=iphoneos*]" = "iPhone Developer";
				GCC_C_LANGUAGE_STANDARD = c99;
				GCC_WARN_ABOUT_RETURN_TYPE = YES;
				GCC_WARN_UNUSED_VARIABLE = YES;
				HEADER_SEARCH_PATHS = /usr/include/libxml2;
				OTHER_CFLAGS = "-DNS_BLOCK_ASSERTIONS=1";
				OTHER_LDFLAGS = "-lxml2";
				PREBINDING = NO;
				SDKROOT = iphoneos;
				TARGETED_DEVICE_FAMILY = 2;
			};
			name = Release;
		};
/* End XCBuildConfiguration section */

/* Begin XCConfigurationList section */
		1D6058960D05DD3E006BFB54 /* Build configuration list for PBXNativeTarget "AePubReader" */ = {
			isa = XCConfigurationList;
			buildConfigurations = (
				1D6058940D05DD3E006BFB54 /* Debug */,
				1D6058950D05DD3E006BFB54 /* Release */,
			);
			defaultConfigurationIsVisible = 0;
			defaultConfigurationName = Release;
		};
		C01FCF4E08A954540054247B /* Build configuration list for PBXProject "AePubReader" */ = {
			isa = XCConfigurationList;
			buildConfigurations = (
				C01FCF4F08A954540054247B /* Debug */,
				C01FCF5008A954540054247B /* Release */,
			);
			defaultConfigurationIsVisible = 0;
			defaultConfigurationName = Release;
		};
/* End XCConfigurationList section */
	};
	rootObject = 29B97313FDCFA39411CA2CEA /* Project object */;
}
